// !$*UTF8*$!
{
	archiveVersion = 1;
	classes = {
	};
	objectVersion = 56;
	objects = {

/* Begin PBXBuildFile section */
		18641879298E914B00B21F1C /* AppDelegate.swift in Sources */ = {isa = PBXBuildFile; fileRef = 18641878298E914B00B21F1C /* AppDelegate.swift */; };
		1864187B298E914B00B21F1C /* SceneDelegate.swift in Sources */ = {isa = PBXBuildFile; fileRef = 1864187A298E914B00B21F1C /* SceneDelegate.swift */; };
		1864187D298E914B00B21F1C /* ViewController.swift in Sources */ = {isa = PBXBuildFile; fileRef = 1864187C298E914B00B21F1C /* ViewController.swift */; };
		18641880298E914B00B21F1C /* Main.storyboard in Resources */ = {isa = PBXBuildFile; fileRef = 1864187E298E914B00B21F1C /* Main.storyboard */; };
		18641882298E914E00B21F1C /* Assets.xcassets in Resources */ = {isa = PBXBuildFile; fileRef = 18641881298E914E00B21F1C /* Assets.xcassets */; };
		18641885298E914E00B21F1C /* LaunchScreen.storyboard in Resources */ = {isa = PBXBuildFile; fileRef = 18641883298E914E00B21F1C /* LaunchScreen.storyboard */; };
		18641890298E914E00B21F1C /* audioTests.swift in Sources */ = {isa = PBXBuildFile; fileRef = 1864188F298E914E00B21F1C /* audioTests.swift */; };
		1864189A298E914E00B21F1C /* audioUITests.swift in Sources */ = {isa = PBXBuildFile; fileRef = 18641899298E914E00B21F1C /* audioUITests.swift */; };
		1864189C298E914E00B21F1C /* audioUITestsLaunchTests.swift in Sources */ = {isa = PBXBuildFile; fileRef = 1864189B298E914E00B21F1C /* audioUITestsLaunchTests.swift */; };
/* End PBXBuildFile section */

/* Begin PBXContainerItemProxy section */
		1864188C298E914E00B21F1C /* PBXContainerItemProxy */ = {
			isa = PBXContainerItemProxy;
			containerPortal = 1864186D298E914B00B21F1C /* Project object */;
			proxyType = 1;
			remoteGlobalIDString = 18641874298E914B00B21F1C;
			remoteInfo = audio;
		};
		18641896298E914E00B21F1C /* PBXContainerItemProxy */ = {
			isa = PBXContainerItemProxy;
			containerPortal = 1864186D298E914B00B21F1C /* Project object */;
			proxyType = 1;
			remoteGlobalIDString = 18641874298E914B00B21F1C;
			remoteInfo = audio;
		};
/* End PBXContainerItemProxy section */

/* Begin PBXFileReference section */
		18641875298E914B00B21F1C /* audio.app */ = {isa = PBXFileReference; explicitFileType = wrapper.application; includeInIndex = 0; path = audio.app; sourceTree = BUILT_PRODUCTS_DIR; };
		18641878298E914B00B21F1C /* AppDelegate.swift */ = {isa = PBXFileReference; lastKnownFileType = sourcecode.swift; path = AppDelegate.swift; sourceTree = "<group>"; };
		1864187A298E914B00B21F1C /* SceneDelegate.swift */ = {isa = PBXFileReference; lastKnownFileType = sourcecode.swift; path = SceneDelegate.swift; sourceTree = "<group>"; };
		1864187C298E914B00B21F1C /* ViewController.swift */ = {isa = PBXFileReference; lastKnownFileType = sourcecode.swift; path = ViewController.swift; sourceTree = "<group>"; };
		1864187F298E914B00B21F1C /* Base */ = {isa = PBXFileReference; lastKnownFileType = file.storyboard; name = Base; path = Base.lproj/Main.storyboard; sourceTree = "<group>"; };
		18641881298E914E00B21F1C /* Assets.xcassets */ = {isa = PBXFileReference; lastKnownFileType = folder.assetcatalog; path = Assets.xcassets; sourceTree = "<group>"; };
		18641884298E914E00B21F1C /* Base */ = {isa = PBXFileReference; lastKnownFileType = file.storyboard; name = Base; path = Base.lproj/LaunchScreen.storyboard; sourceTree = "<group>"; };
		18641886298E914E00B21F1C /* Info.plist */ = {isa = PBXFileReference; lastKnownFileType = text.plist.xml; path = Info.plist; sourceTree = "<group>"; };
		1864188B298E914E00B21F1C /* audioTests.xctest */ = {isa = PBXFileReference; explicitFileType = wrapper.cfbundle; includeInIndex = 0; path = audioTests.xctest; sourceTree = BUILT_PRODUCTS_DIR; };
		1864188F298E914E00B21F1C /* audioTests.swift */ = {isa = PBXFileReference; lastKnownFileType = sourcecode.swift; path = audioTests.swift; sourceTree = "<group>"; };
		18641895298E914E00B21F1C /* audioUITests.xctest */ = {isa = PBXFileReference; explicitFileType = wrapper.cfbundle; includeInIndex = 0; path = audioUITests.xctest; sourceTree = BUILT_PRODUCTS_DIR; };
		18641899298E914E00B21F1C /* audioUITests.swift */ = {isa = PBXFileReference; lastKnownFileType = sourcecode.swift; path = audioUITests.swift; sourceTree = "<group>"; };
		1864189B298E914E00B21F1C /* audioUITestsLaunchTests.swift */ = {isa = PBXFileReference; lastKnownFileType = sourcecode.swift; path = audioUITestsLaunchTests.swift; sourceTree = "<group>"; };
/* End PBXFileReference section */

/* Begin PBXFrameworksBuildPhase section */
		18641872298E914B00B21F1C /* Frameworks */ = {
			isa = PBXFrameworksBuildPhase;
			buildActionMask = 2147483647;
			files = (
			);
			runOnlyForDeploymentPostprocessing = 0;
		};
		18641888298E914E00B21F1C /* Frameworks */ = {
			isa = PBXFrameworksBuildPhase;
			buildActionMask = 2147483647;
			files = (
			);
			runOnlyForDeploymentPostprocessing = 0;
		};
		18641892298E914E00B21F1C /* Frameworks */ = {
			isa = PBXFrameworksBuildPhase;
			buildActionMask = 2147483647;
			files = (
			);
			runOnlyForDeploymentPostprocessing = 0;
		};
/* End PBXFrameworksBuildPhase section */

/* Begin PBXGroup section */
		1864186C298E914B00B21F1C = {
			isa = PBXGroup;
			children = (
				18641877298E914B00B21F1C /* audio */,
				1864188E298E914E00B21F1C /* audioTests */,
				18641898298E914E00B21F1C /* audioUITests */,
				18641876298E914B00B21F1C /* Products */,
			);
			sourceTree = "<group>";
		};
		18641876298E914B00B21F1C /* Products */ = {
			isa = PBXGroup;
			children = (
				18641875298E914B00B21F1C /* audio.app */,
				1864188B298E914E00B21F1C /* audioTests.xctest */,
				18641895298E914E00B21F1C /* audioUITests.xctest */,
			);
			name = Products;
			sourceTree = "<group>";
		};
		18641877298E914B00B21F1C /* audio */ = {
			isa = PBXGroup;
			children = (
				18641878298E914B00B21F1C /* AppDelegate.swift */,
				1864187A298E914B00B21F1C /* SceneDelegate.swift */,
				1864187C298E914B00B21F1C /* ViewController.swift */,
				1864187E298E914B00B21F1C /* Main.storyboard */,
				18641881298E914E00B21F1C /* Assets.xcassets */,
				18641883298E914E00B21F1C /* LaunchScreen.storyboard */,
				18641886298E914E00B21F1C /* Info.plist */,
			);
			path = audio;
			sourceTree = "<group>";
		};
		1864188E298E914E00B21F1C /* audioTests */ = {
			isa = PBXGroup;
			children = (
				1864188F298E914E00B21F1C /* audioTests.swift */,
			);
			path = audioTests;
			sourceTree = "<group>";
		};
		18641898298E914E00B21F1C /* audioUITests */ = {
			isa = PBXGroup;
			children = (
				18641899298E914E00B21F1C /* audioUITests.swift */,
				1864189B298E914E00B21F1C /* audioUITestsLaunchTests.swift */,
			);
			path = audioUITests;
			sourceTree = "<group>";
		};
/* End PBXGroup section */

/* Begin PBXNativeTarget section */
		18641874298E914B00B21F1C /* audio */ = {
			isa = PBXNativeTarget;
			buildConfigurationList = 1864189F298E914E00B21F1C /* Build configuration list for PBXNativeTarget "audio" */;
			buildPhases = (
				18641871298E914B00B21F1C /* Sources */,
				18641872298E914B00B21F1C /* Frameworks */,
				18641873298E914B00B21F1C /* Resources */,
			);
			buildRules = (
			);
			dependencies = (
			);
			name = audio;
			productName = audio;
			productReference = 18641875298E914B00B21F1C /* audio.app */;
			productType = "com.apple.product-type.application";
		};
		1864188A298E914E00B21F1C /* audioTests */ = {
			isa = PBXNativeTarget;
			buildConfigurationList = 186418A2298E914E00B21F1C /* Build configuration list for PBXNativeTarget "audioTests" */;
			buildPhases = (
				18641887298E914E00B21F1C /* Sources */,
				18641888298E914E00B21F1C /* Frameworks */,
				18641889298E914E00B21F1C /* Resources */,
			);
			buildRules = (
			);
			dependencies = (
				1864188D298E914E00B21F1C /* PBXTargetDependency */,
			);
			name = audioTests;
			productName = audioTests;
			productReference = 1864188B298E914E00B21F1C /* audioTests.xctest */;
			productType = "com.apple.product-type.bundle.unit-test";
		};
		18641894298E914E00B21F1C /* audioUITests */ = {
			isa = PBXNativeTarget;
			buildConfigurationList = 186418A5298E914E00B21F1C /* Build configuration list for PBXNativeTarget "audioUITests" */;
			buildPhases = (
				18641891298E914E00B21F1C /* Sources */,
				18641892298E914E00B21F1C /* Frameworks */,
				18641893298E914E00B21F1C /* Resources */,
			);
			buildRules = (
			);
			dependencies = (
				18641897298E914E00B21F1C /* PBXTargetDependency */,
			);
			name = audioUITests;
			productName = audioUITests;
			productReference = 18641895298E914E00B21F1C /* audioUITests.xctest */;
			productType = "com.apple.product-type.bundle.ui-testing";
		};
/* End PBXNativeTarget section */

/* Begin PBXProject section */
		1864186D298E914B00B21F1C /* Project object */ = {
			isa = PBXProject;
			attributes = {
				BuildIndependentTargetsInParallel = 1;
				LastSwiftUpdateCheck = 1400;
				LastUpgradeCheck = 1400;
				TargetAttributes = {
					18641874298E914B00B21F1C = {
						CreatedOnToolsVersion = 14.0.1;
					};
					1864188A298E914E00B21F1C = {
						CreatedOnToolsVersion = 14.0.1;
						TestTargetID = 18641874298E914B00B21F1C;
					};
					18641894298E914E00B21F1C = {
						CreatedOnToolsVersion = 14.0.1;
						TestTargetID = 18641874298E914B00B21F1C;
					};
				};
			};
			buildConfigurationList = 18641870298E914B00B21F1C /* Build configuration list for PBXProject "audio" */;
			compatibilityVersion = "Xcode 14.0";
			developmentRegion = en;
			hasScannedForEncodings = 0;
			knownRegions = (
				en,
				Base,
			);
			mainGroup = 1864186C298E914B00B21F1C;
			productRefGroup = 18641876298E914B00B21F1C /* Products */;
			projectDirPath = "";
			projectRoot = "";
			targets = (
				18641874298E914B00B21F1C /* audio */,
				1864188A298E914E00B21F1C /* audioTests */,
				18641894298E914E00B21F1C /* audioUITests */,
			);
		};
/* End PBXProject section */

/* Begin PBXResourcesBuildPhase section */
		18641873298E914B00B21F1C /* Resources */ = {
			isa = PBXResourcesBuildPhase;
			buildActionMask = 2147483647;
			files = (
				18641885298E914E00B21F1C /* LaunchScreen.storyboard in Resources */,
				18641882298E914E00B21F1C /* Assets.xcassets in Resources */,
				18641880298E914B00B21F1C /* Main.storyboard in Resources */,
			);
			runOnlyForDeploymentPostprocessing = 0;
		};
		18641889298E914E00B21F1C /* Resources */ = {
			isa = PBXResourcesBuildPhase;
			buildActionMask = 2147483647;
			files = (
			);
			runOnlyForDeploymentPostprocessing = 0;
		};
		18641893298E914E00B21F1C /* Resources */ = {
			isa = PBXResourcesBuildPhase;
			buildActionMask = 2147483647;
			files = (
			);
			runOnlyForDeploymentPostprocessing = 0;
		};
/* End PBXResourcesBuildPhase section */

/* Begin PBXSourcesBuildPhase section */
		18641871298E914B00B21F1C /* Sources */ = {
			isa = PBXSourcesBuildPhase;
			buildActionMask = 2147483647;
			files = (
				1864187D298E914B00B21F1C /* ViewController.swift in Sources */,
				18641879298E914B00B21F1C /* AppDelegate.swift in Sources */,
				1864187B298E914B00B21F1C /* SceneDelegate.swift in Sources */,
			);
			runOnlyForDeploymentPostprocessing = 0;
		};
		18641887298E914E00B21F1C /* Sources */ = {
			isa = PBXSourcesBuildPhase;
			buildActionMask = 2147483647;
			files = (
				18641890298E914E00B21F1C /* audioTests.swift in Sources */,
			);
			runOnlyForDeploymentPostprocessing = 0;
		};
		18641891298E914E00B21F1C /* Sources */ = {
			isa = PBXSourcesBuildPhase;
			buildActionMask = 2147483647;
			files = (
				1864189A298E914E00B21F1C /* audioUITests.swift in Sources */,
				1864189C298E914E00B21F1C /* audioUITestsLaunchTests.swift in Sources */,
			);
			runOnlyForDeploymentPostprocessing = 0;
		};
/* End PBXSourcesBuildPhase section */

/* Begin PBXTargetDependency section */
		1864188D298E914E00B21F1C /* PBXTargetDependency */ = {
			isa = PBXTargetDependency;
			target = 18641874298E914B00B21F1C /* audio */;
			targetProxy = 1864188C298E914E00B21F1C /* PBXContainerItemProxy */;
		};
		18641897298E914E00B21F1C /* PBXTargetDependency */ = {
			isa = PBXTargetDependency;
			target = 18641874298E914B00B21F1C /* audio */;
			targetProxy = 18641896298E914E00B21F1C /* PBXContainerItemProxy */;
		};
/* End PBXTargetDependency section */

/* Begin PBXVariantGroup section */
		1864187E298E914B00B21F1C /* Main.storyboard */ = {
			isa = PBXVariantGroup;
			children = (
				1864187F298E914B00B21F1C /* Base */,
			);
			name = Main.storyboard;
			sourceTree = "<group>";
		};
		18641883298E914E00B21F1C /* LaunchScreen.storyboard */ = {
			isa = PBXVariantGroup;
			children = (
				18641884298E914E00B21F1C /* Base */,
			);
			name = LaunchScreen.storyboard;
			sourceTree = "<group>";
		};
/* End PBXVariantGroup section */

/* Begin XCBuildConfiguration section */
		1864189D298E914E00B21F1C /* Debug */ = {
			isa = XCBuildConfiguration;
			buildSettings = {
				ALWAYS_SEARCH_USER_PATHS = NO;
				CLANG_ANALYZER_NONNULL = YES;
				CLANG_ANALYZER_NUMBER_OBJECT_CONVERSION = YES_AGGRESSIVE;
				CLANG_CXX_LANGUAGE_STANDARD = "gnu++20";
				CLANG_ENABLE_MODULES = YES;
				CLANG_ENABLE_OBJC_ARC = YES;
				CLANG_ENABLE_OBJC_WEAK = YES;
				CLANG_WARN_BLOCK_CAPTURE_AUTORELEASING = YES;
				CLANG_WARN_BOOL_CONVERSION = YES;
				CLANG_WARN_COMMA = YES;
				CLANG_WARN_CONSTANT_CONVERSION = YES;
				CLANG_WARN_DEPRECATED_OBJC_IMPLEMENTATIONS = YES;
				CLANG_WARN_DIRECT_OBJC_ISA_USAGE = YES_ERROR;
				CLANG_WARN_DOCUMENTATION_COMMENTS = YES;
				CLANG_WARN_EMPTY_BODY = YES;
				CLANG_WARN_ENUM_CONVERSION = YES;
				CLANG_WARN_INFINITE_RECURSION = YES;
				CLANG_WARN_INT_CONVERSION = YES;
				CLANG_WARN_NON_LITERAL_NULL_CONVERSION = YES;
				CLANG_WARN_OBJC_IMPLICIT_RETAIN_SELF = YES;
				CLANG_WARN_OBJC_LITERAL_CONVERSION = YES;
				CLANG_WARN_OBJC_ROOT_CLASS = YES_ERROR;
				CLANG_WARN_QUOTED_INCLUDE_IN_FRAMEWORK_HEADER = YES;
				CLANG_WARN_RANGE_LOOP_ANALYSIS = YES;
				CLANG_WARN_STRICT_PROTOTYPES = YES;
				CLANG_WARN_SUSPICIOUS_MOVE = YES;
				CLANG_WARN_UNGUARDED_AVAILABILITY = YES_AGGRESSIVE;
				CLANG_WARN_UNREACHABLE_CODE = YES;
				CLANG_WARN__DUPLICATE_METHOD_MATCH = YES;
				COPY_PHASE_STRIP = NO;
				DEBUG_INFORMATION_FORMAT = dwarf;
				ENABLE_STRICT_OBJC_MSGSEND = YES;
				ENABLE_TESTABILITY = YES;
				GCC_C_LANGUAGE_STANDARD = gnu11;
				GCC_DYNAMIC_NO_PIC = NO;
				GCC_NO_COMMON_BLOCKS = YES;
				GCC_OPTIMIZATION_LEVEL = 0;
				GCC_PREPROCESSOR_DEFINITIONS = (
					"DEBUG=1",
					"$(inherited)",
				);
				GCC_WARN_64_TO_32_BIT_CONVERSION = YES;
				GCC_WARN_ABOUT_RETURN_TYPE = YES_ERROR;
				GCC_WARN_UNDECLARED_SELECTOR = YES;
				GCC_WARN_UNINITIALIZED_AUTOS = YES_AGGRESSIVE;
				GCC_WARN_UNUSED_FUNCTION = YES;
				GCC_WARN_UNUSED_VARIABLE = YES;
				IPHONEOS_DEPLOYMENT_TARGET = 16.0;
				MTL_ENABLE_DEBUG_INFO = INCLUDE_SOURCE;
				MTL_FAST_MATH = YES;
				ONLY_ACTIVE_ARCH = YES;
				SDKROOT = iphoneos;
				SWIFT_ACTIVE_COMPILATION_CONDITIONS = DEBUG;
				SWIFT_OPTIMIZATION_LEVEL = "-Onone";
			};
			name = Debug;
		};
		1864189E298E914E00B21F1C /* Release */ = {
			isa = XCBuildConfiguration;
			buildSettings = {
				ALWAYS_SEARCH_USER_PATHS = NO;
				CLANG_ANALYZER_NONNULL = YES;
				CLANG_ANALYZER_NUMBER_OBJECT_CONVERSION = YES_AGGRESSIVE;
				CLANG_CXX_LANGUAGE_STANDARD = "gnu++20";
				CLANG_ENABLE_MODULES = YES;
				CLANG_ENABLE_OBJC_ARC = YES;
				CLANG_ENABLE_OBJC_WEAK = YES;
				CLANG_WARN_BLOCK_CAPTURE_AUTORELEASING = YES;
				CLANG_WARN_BOOL_CONVERSION = YES;
				CLANG_WARN_COMMA = YES;
				CLANG_WARN_CONSTANT_CONVERSION = YES;
				CLANG_WARN_DEPRECATED_OBJC_IMPLEMENTATIONS = YES;
				CLANG_WARN_DIRECT_OBJC_ISA_USAGE = YES_ERROR;
				CLANG_WARN_DOCUMENTATION_COMMENTS = YES;
				CLANG_WARN_EMPTY_BODY = YES;
				CLANG_WARN_ENUM_CONVERSION = YES;
				CLANG_WARN_INFINITE_RECURSION = YES;
				CLANG_WARN_INT_CONVERSION = YES;
				CLANG_WARN_NON_LITERAL_NULL_CONVERSION = YES;
				CLANG_WARN_OBJC_IMPLICIT_RETAIN_SELF = YES;
				CLANG_WARN_OBJC_LITERAL_CONVERSION = YES;
				CLANG_WARN_OBJC_ROOT_CLASS = YES_ERROR;
				CLANG_WARN_QUOTED_INCLUDE_IN_FRAMEWORK_HEADER = YES;
				CLANG_WARN_RANGE_LOOP_ANALYSIS = YES;
				CLANG_WARN_STRICT_PROTOTYPES = YES;
				CLANG_WARN_SUSPICIOUS_MOVE = YES;
				CLANG_WARN_UNGUARDED_AVAILABILITY = YES_AGGRESSIVE;
				CLANG_WARN_UNREACHABLE_CODE = YES;
				CLANG_WARN__DUPLICATE_METHOD_MATCH = YES;
				COPY_PHASE_STRIP = NO;
				DEBUG_INFORMATION_FORMAT = "dwarf-with-dsym";
				ENABLE_NS_ASSERTIONS = NO;
				ENABLE_STRICT_OBJC_MSGSEND = YES;
				GCC_C_LANGUAGE_STANDARD = gnu11;
				GCC_NO_COMMON_BLOCKS = YES;
				GCC_WARN_64_TO_32_BIT_CONVERSION = YES;
				GCC_WARN_ABOUT_RETURN_TYPE = YES_ERROR;
				GCC_WARN_UNDECLARED_SELECTOR = YES;
				GCC_WARN_UNINITIALIZED_AUTOS = YES_AGGRESSIVE;
				GCC_WARN_UNUSED_FUNCTION = YES;
				GCC_WARN_UNUSED_VARIABLE = YES;
				IPHONEOS_DEPLOYMENT_TARGET = 16.0;
				MTL_ENABLE_DEBUG_INFO = NO;
				MTL_FAST_MATH = YES;
				SDKROOT = iphoneos;
				SWIFT_COMPILATION_MODE = wholemodule;
				SWIFT_OPTIMIZATION_LEVEL = "-O";
				VALIDATE_PRODUCT = YES;
			};
			name = Release;
		};
		186418A0298E914E00B21F1C /* Debug */ = {
			isa = XCBuildConfiguration;
			buildSettings = {
				ASSETCATALOG_COMPILER_APPICON_NAME = AppIcon;
				ASSETCATALOG_COMPILER_GLOBAL_ACCENT_COLOR_NAME = AccentColor;
				CODE_SIGN_STYLE = Automatic;
				CURRENT_PROJECT_VERSION = 1;
				GENERATE_INFOPLIST_FILE = YES;
				INFOPLIST_FILE = audio/Info.plist;
				INFOPLIST_KEY_NSMicrophoneUsageDescription = "for recorde";
				INFOPLIST_KEY_UIApplicationSupportsIndirectInputEvents = YES;
				INFOPLIST_KEY_UILaunchStoryboardName = LaunchScreen;
				INFOPLIST_KEY_UIMainStoryboardFile = Main;
				INFOPLIST_KEY_UISupportedInterfaceOrientations_iPad = "UIInterfaceOrientationPortrait UIInterfaceOrientationPortraitUpsideDown UIInterfaceOrientationLandscapeLeft UIInterfaceOrientationLandscapeRight";
				INFOPLIST_KEY_UISupportedInterfaceOrientations_iPhone = "UIInterfaceOrientationPortrait UIInterfaceOrientationLandscapeLeft UIInterfaceOrientationLandscapeRight";
				LD_RUNPATH_SEARCH_PATHS = (
					"$(inherited)",
					"@executable_path/Frameworks",
				);
				MARKETING_VERSION = 1.0;
				PRODUCT_BUNDLE_IDENTIFIER = tecOrb.audio;
				PRODUCT_NAME = "$(TARGET_NAME)";
				SWIFT_EMIT_LOC_STRINGS = YES;
				SWIFT_VERSION = 5.0;
				TARGETED_DEVICE_FAMILY = "1,2";
			};
			name = Debug;
		};
		186418A1298E914E00B21F1C /* Release */ = {
			isa = XCBuildConfiguration;
			buildSettings = {
				ASSETCATALOG_COMPILER_APPICON_NAME = AppIcon;
				ASSETCATALOG_COMPILER_GLOBAL_ACCENT_COLOR_NAME = AccentColor;
				CODE_SIGN_STYLE = Automatic;
				CURRENT_PROJECT_VERSION = 1;
				GENERATE_INFOPLIST_FILE = YES;
				INFOPLIST_FILE = audio/Info.plist;
				INFOPLIST_KEY_NSMicrophoneUsageDescription = "for recorde";
				INFOPLIST_KEY_UIApplicationSupportsIndirectInputEvents = YES;
				INFOPLIST_KEY_UILaunchStoryboardName = LaunchScreen;
				INFOPLIST_KEY_UIMainStoryboardFile = Main;
				INFOPLIST_KEY_UISupportedInterfaceOrientations_iPad = "UIInterfaceOrientationPortrait UIInterfaceOrientationPortraitUpsideDown UIInterfaceOrientationLandscapeLeft UIInterfaceOrientationLandscapeRight";
				INFOPLIST_KEY_UISupportedInterfaceOrientations_iPhone = "UIInterfaceOrientationPortrait UIInterfaceOrientationLandscapeLeft UIInterfaceOrientationLandscapeRight";
				LD_RUNPATH_SEARCH_PATHS = (
					"$(inherited)",
					"@executable_path/Frameworks",
				);
				MARKETING_VERSION = 1.0;
				PRODUCT_BUNDLE_IDENTIFIER = tecOrb.audio;
				PRODUCT_NAME = "$(TARGET_NAME)";
				SWIFT_EMIT_LOC_STRINGS = YES;
				SWIFT_VERSION = 5.0;
				TARGETED_DEVICE_FAMILY = "1,2";
			};
			name = Release;
		};
		186418A3298E914E00B21F1C /* Debug */ = {
			isa = XCBuildConfiguration;
			buildSettings = {
				ALWAYS_EMBED_SWIFT_STANDARD_LIBRARIES = YES;
				BUNDLE_LOADER = "$(TEST_HOST)";
				CODE_SIGN_STYLE = Automatic;
				CURRENT_PROJECT_VERSION = 1;
				GENERATE_INFOPLIST_FILE = YES;
				IPHONEOS_DEPLOYMENT_TARGET = 16.0;
				MARKETING_VERSION = 1.0;
				PRODUCT_BUNDLE_IDENTIFIER = tecOrb.audioTests;
				PRODUCT_NAME = "$(TARGET_NAME)";
				SWIFT_EMIT_LOC_STRINGS = NO;
				SWIFT_VERSION = 5.0;
				TARGETED_DEVICE_FAMILY = "1,2";
				TEST_HOST = "$(BUILT_PRODUCTS_DIR)/audio.app/$(BUNDLE_EXECUTABLE_FOLDER_PATH)/audio";
			};
			name = Debug;
		};
		186418A4298E914E00B21F1C /* Release */ = {
			isa = XCBuildConfiguration;
			buildSettings = {
				ALWAYS_EMBED_SWIFT_STANDARD_LIBRARIES = YES;
				BUNDLE_LOADER = "$(TEST_HOST)";
				CODE_SIGN_STYLE = Automatic;
				CURRENT_PROJECT_VERSION = 1;
				GENERATE_INFOPLIST_FILE = YES;
				IPHONEOS_DEPLOYMENT_TARGET = 16.0;
				MARKETING_VERSION = 1.0;
				PRODUCT_BUNDLE_IDENTIFIER = tecOrb.audioTests;
				PRODUCT_NAME = "$(TARGET_NAME)";
				SWIFT_EMIT_LOC_STRINGS = NO;
				SWIFT_VERSION = 5.0;
				TARGETED_DEVICE_FAMILY = "1,2";
				TEST_HOST = "$(BUILT_PRODUCTS_DIR)/audio.app/$(BUNDLE_EXECUTABLE_FOLDER_PATH)/audio";
			};
			name = Release;
		};
		186418A6298E914E00B21F1C /* Debug */ = {
			isa = XCBuildConfiguration;
			buildSettings = {
				ALWAYS_EMBED_SWIFT_STANDARD_LIBRARIES = YES;
				CODE_SIGN_STYLE = Automatic;
				CURRENT_PROJECT_VERSION = 1;
				GENERATE_INFOPLIST_FILE = YES;
				MARKETING_VERSION = 1.0;
				PRODUCT_BUNDLE_IDENTIFIER = tecOrb.audioUITests;
				PRODUCT_NAME = "$(TARGET_NAME)";
				SWIFT_EMIT_LOC_STRINGS = NO;
				SWIFT_VERSION = 5.0;
				TARGETED_DEVICE_FAMILY = "1,2";
				TEST_TARGET_NAME = audio;
			};
			name = Debug;
		};
		186418A7298E914E00B21F1C /* Release */ = {
			isa = XCBuildConfiguration;
			buildSettings = {
				ALWAYS_EMBED_SWIFT_STANDARD_LIBRARIES = YES;
				CODE_SIGN_STYLE = Automatic;
				CURRENT_PROJECT_VERSION = 1;
				GENERATE_INFOPLIST_FILE = YES;
				MARKETING_VERSION = 1.0;
				PRODUCT_BUNDLE_IDENTIFIER = tecOrb.audioUITests;
				PRODUCT_NAME = "$(TARGET_NAME)";
				SWIFT_EMIT_LOC_STRINGS = NO;
				SWIFT_VERSION = 5.0;
				TARGETED_DEVICE_FAMILY = "1,2";
				TEST_TARGET_NAME = audio;
			};
			name = Release;
		};
/* End XCBuildConfiguration section */

/* Begin XCConfigurationList section */
		18641870298E914B00B21F1C /* Build configuration list for PBXProject "audio" */ = {
			isa = XCConfigurationList;
			buildConfigurations = (
				1864189D298E914E00B21F1C /* Debug */,
				1864189E298E914E00B21F1C /* Release */,
			);
			defaultConfigurationIsVisible = 0;
			defaultConfigurationName = Release;
		};
		1864189F298E914E00B21F1C /* Build configuration list for PBXNativeTarget "audio" */ = {
			isa = XCConfigurationList;
			buildConfigurations = (
				186418A0298E914E00B21F1C /* Debug */,
				186418A1298E914E00B21F1C /* Release */,
			);
			defaultConfigurationIsVisible = 0;
			defaultConfigurationName = Release;
		};
		186418A2298E914E00B21F1C /* Build configuration list for PBXNativeTarget "audioTests" */ = {
			isa = XCConfigurationList;
			buildConfigurations = (
				186418A3298E914E00B21F1C /* Debug */,
				186418A4298E914E00B21F1C /* Release */,
			);
			defaultConfigurationIsVisible = 0;
			defaultConfigurationName = Release;
		};
		186418A5298E914E00B21F1C /* Build configuration list for PBXNativeTarget "audioUITests" */ = {
			isa = XCConfigurationList;
			buildConfigurations = (
				186418A6298E914E00B21F1C /* Debug */,
				186418A7298E914E00B21F1C /* Release */,
			);
			defaultConfigurationIsVisible = 0;
			defaultConfigurationName = Release;
		};
/* End XCConfigurationList section */
	};
	rootObject = 1864186D298E914B00B21F1C /* Project object */;
}
